
Microsoft Visual Studio Solution File, Format Version 12.00
# Visual Studio 2017
Project("{FAE04EC0-301F-11D3-BF4B-00C04F79EFBC}") = "CatCartInvasion.Plugins", "CatCartInvasion.Plugins.csproj", "{2CA23E98-FBD6-5503-1095-DB2A773E4A0A}"
EndProject
Project("{FAE04EC0-301F-11D3-BF4B-00C04F79EFBC}") = "CatCartInvasion", "CatCartInvasion.csproj", "{60B8121B-A039-97B4-81FD-0CF1ABA794F5}"
EndProject
Project("{FAE04EC0-301F-11D3-BF4B-00C04F79EFBC}") = "CatCartInvasion.Editor.Plugins", "CatCartInvasion.Editor.Plugins.csproj", "{F51D0F49-27EF-0823-0FBA-57D5D5CB3247}"
EndProject
Project("{FAE04EC0-301F-11D3-BF4B-00C04F79EFBC}") = "CatCartInvasion.Editor", "CatCartInvasion.Editor.csproj", "{D74EABB3-6807-282C-4D3D-2854D30CCF6D}"
EndProject
Global
	GlobalSection(SolutionConfigurationPlatforms) = preSolution
		Debug|Any CPU = Debug|Any CPU
		Release|Any CPU = Release|Any CPU
	EndGlobalSection
	GlobalSection(ProjectConfigurationPlatforms) = postSolution
		{2CA23E98-FBD6-5503-1095-DB2A773E4A0A}.Debug|Any CPU.ActiveCfg = Debug|Any CPU
		{2CA23E98-FBD6-5503-1095-DB2A773E4A0A}.Debug|Any CPU.Build.0 = Debug|Any CPU
		{2CA23E98-FBD6-5503-1095-DB2A773E4A0A}.Release|Any CPU.ActiveCfg = Release|Any CPU
		{2CA23E98-FBD6-5503-1095-DB2A773E4A0A}.Release|Any CPU.Build.0 = Release|Any CPU
		{60B8121B-A039-97B4-81FD-0CF1ABA794F5}.Debug|Any CPU.ActiveCfg = Debug|Any CPU
		{60B8121B-A039-97B4-81FD-0CF1ABA794F5}.Debug|Any CPU.Build.0 = Debug|Any CPU
		{60B8121B-A039-97B4-81FD-0CF1ABA794F5}.Release|Any CPU.ActiveCfg = Release|Any CPU
		{60B8121B-A039-97B4-81FD-0CF1ABA794F5}.Release|Any CPU.Build.0 = Release|Any CPU
		{F51D0F49-27EF-0823-0FBA-57D5D5CB3247}.Debug|Any CPU.ActiveCfg = Debug|Any CPU
		{F51D0F49-27EF-0823-0FBA-57D5D5CB3247}.Debug|Any CPU.Build.0 = Debug|Any CPU
		{F51D0F49-27EF-0823-0FBA-57D5D5CB3247}.Release|Any CPU.ActiveCfg = Release|Any CPU
		{F51D0F49-27EF-0823-0FBA-57D5D5CB3247}.Release|Any CPU.Build.0 = Release|Any CPU
		{D74EABB3-6807-282C-4D3D-2854D30CCF6D}.Debug|Any CPU.ActiveCfg = Debug|Any CPU
		{D74EABB3-6807-282C-4D3D-2854D30CCF6D}.Debug|Any CPU.Build.0 = Debug|Any CPU
		{D74EABB3-6807-282C-4D3D-2854D30CCF6D}.Release|Any CPU.ActiveCfg = Release|Any CPU
		{D74EABB3-6807-282C-4D3D-2854D30CCF6D}.Release|Any CPU.Build.0 = Release|Any CPU
	EndGlobalSection
	GlobalSection(SolutionProperties) = preSolution
		HideSolutionNode = FALSE
	EndGlobalSection
EndGlobal
